PODS:
  - AppAuth (1.4.0):
    - AppAuth/Core (= 1.4.0)
    - AppAuth/ExternalUserAgent (= 1.4.0)
  - AppAuth/Core (1.4.0)
  - AppAuth/ExternalUserAgent (1.4.0)
  - boost-for-react-native (1.63.0)
  - DoubleConversion (1.1.6)
  - FBLazyVector (0.62.2)
  - FBReactNativeSpec (0.62.2):
    - Folly (= 2018.10.22.00)
    - RCTRequired (= 0.62.2)
    - RCTTypeSafety (= 0.62.2)
    - React-Core (= 0.62.2)
    - React-jsi (= 0.62.2)
    - ReactCommon/turbomodule/core (= 0.62.2)
  - Firebase/CoreOnly (7.11.0):
    - FirebaseCore (= 7.11.0)
  - Firebase/Messaging (7.11.0):
    - Firebase/CoreOnly
    - FirebaseMessaging (~> 7.11.0)
  - FirebaseCore (7.11.0):
    - FirebaseCoreDiagnostics (~> 7.4)
    - GoogleUtilities/Environment (~> 7.0)
    - GoogleUtilities/Logger (~> 7.0)
  - FirebaseCoreDiagnostics (7.11.0):
    - GoogleDataTransport (~> 8.4)
    - GoogleUtilities/Environment (~> 7.0)
    - GoogleUtilities/Logger (~> 7.0)
    - nanopb (~> 2.30908.0)
  - FirebaseInstallations (7.11.0):
    - FirebaseCore (~> 7.0)
    - GoogleUtilities/Environment (~> 7.0)
    - GoogleUtilities/UserDefaults (~> 7.0)
    - PromisesObjC (~> 1.2)
  - FirebaseInstanceID (7.11.0):
    - FirebaseCore (~> 7.0)
    - FirebaseInstallations (~> 7.0)
    - GoogleUtilities/Environment (~> 7.0)
    - GoogleUtilities/UserDefaults (~> 7.0)
  - FirebaseMessaging (7.11.0):
    - FirebaseCore (~> 7.0)
    - FirebaseInstallations (~> 7.0)
    - FirebaseInstanceID (~> 7.0)
    - GoogleUtilities/AppDelegateSwizzler (~> 7.0)
    - GoogleUtilities/Environment (~> 7.0)
    - GoogleUtilities/Reachability (~> 7.0)
    - GoogleUtilities/UserDefaults (~> 7.0)
  - Folly (2018.10.22.00):
    - boost-for-react-native
    - DoubleConversion
    - Folly/Default (= 2018.10.22.00)
    - glog
  - Folly/Default (2018.10.22.00):
    - boost-for-react-native
    - DoubleConversion
    - glog
  - glog (0.3.5)
  - GoogleDataTransport (8.4.0):
    - GoogleUtilities/Environment (~> 7.2)
    - nanopb (~> 2.30908.0)
    - PromisesObjC (~> 1.2)
  - GoogleSignIn (5.0.2):
    - AppAuth (~> 1.2)
    - GTMAppAuth (~> 1.0)
    - GTMSessionFetcher/Core (~> 1.1)
  - GoogleUtilities/AppDelegateSwizzler (7.4.1):
    - GoogleUtilities/Environment
    - GoogleUtilities/Logger
    - GoogleUtilities/Network
  - GoogleUtilities/Environment (7.4.1):
    - PromisesObjC (~> 1.2)
  - GoogleUtilities/Logger (7.4.1):
    - GoogleUtilities/Environment
  - GoogleUtilities/Network (7.4.1):
    - GoogleUtilities/Logger
    - "GoogleUtilities/NSData+zlib"
    - GoogleUtilities/Reachability
  - "GoogleUtilities/NSData+zlib (7.4.1)"
  - GoogleUtilities/Reachability (7.4.1):
    - GoogleUtilities/Logger
  - GoogleUtilities/UserDefaults (7.4.1):
    - GoogleUtilities/Logger
  - GTMAppAuth (1.2.2):
    - AppAuth/Core (~> 1.4)
    - GTMSessionFetcher/Core (~> 1.5)
  - GTMSessionFetcher/Core (1.5.0)
  - nanopb (2.30908.0):
    - nanopb/decode (= 2.30908.0)
    - nanopb/encode (= 2.30908.0)
  - nanopb/decode (2.30908.0)
  - nanopb/encode (2.30908.0)
  - Paystack (3.0.13):
    - Paystack/Core (= 3.0.13)
  - Paystack/Core (3.0.13)
  - Permission-Camera (2.1.5):
    - RNPermissions
  - PromisesObjC (1.2.12)
  - RCTRequired (0.62.2)
  - RCTTypeSafety (0.62.2):
    - FBLazyVector (= 0.62.2)
    - Folly (= 2018.10.22.00)
    - RCTRequired (= 0.62.2)
    - React-Core (= 0.62.2)
  - React (0.62.2):
    - React-Core (= 0.62.2)
    - React-Core/DevSupport (= 0.62.2)
    - React-Core/RCTWebSocket (= 0.62.2)
    - React-RCTActionSheet (= 0.62.2)
    - React-RCTAnimation (= 0.62.2)
    - React-RCTBlob (= 0.62.2)
    - React-RCTImage (= 0.62.2)
    - React-RCTLinking (= 0.62.2)
    - React-RCTNetwork (= 0.62.2)
    - React-RCTSettings (= 0.62.2)
    - React-RCTText (= 0.62.2)
    - React-RCTVibration (= 0.62.2)
  - React-Core (0.62.2):
    - Folly (= 2018.10.22.00)
    - glog
    - React-Core/Default (= 0.62.2)
    - React-cxxreact (= 0.62.2)
    - React-jsi (= 0.62.2)
    - React-jsiexecutor (= 0.62.2)
    - Yoga
  - React-Core/CoreModulesHeaders (0.62.2):
    - Folly (= 2018.10.22.00)
    - glog
    - React-Core/Default
    - React-cxxreact (= 0.62.2)
    - React-jsi (= 0.62.2)
    - React-jsiexecutor (= 0.62.2)
    - Yoga
  - React-Core/Default (0.62.2):
    - Folly (= 2018.10.22.00)
    - glog
    - React-cxxreact (= 0.62.2)
    - React-jsi (= 0.62.2)
    - React-jsiexecutor (= 0.62.2)
    - Yoga
  - React-Core/DevSupport (0.62.2):
    - Folly (= 2018.10.22.00)
    - glog
    - React-Core/Default (= 0.62.2)
    - React-Core/RCTWebSocket (= 0.62.2)
    - React-cxxreact (= 0.62.2)
    - React-jsi (= 0.62.2)
    - React-jsiexecutor (= 0.62.2)
    - React-jsinspector (= 0.62.2)
    - Yoga
  - React-Core/RCTActionSheetHeaders (0.62.2):
    - Folly (= 2018.10.22.00)
    - glog
    - React-Core/Default
    - React-cxxreact (= 0.62.2)
    - React-jsi (= 0.62.2)
    - React-jsiexecutor (= 0.62.2)
    - Yoga
  - React-Core/RCTAnimationHeaders (0.62.2):
    - Folly (= 2018.10.22.00)
    - glog
    - React-Core/Default
    - React-cxxreact (= 0.62.2)
    - React-jsi (= 0.62.2)
    - React-jsiexecutor (= 0.62.2)
    - Yoga
  - React-Core/RCTBlobHeaders (0.62.2):
    - Folly (= 2018.10.22.00)
    - glog
    - React-Core/Default
    - React-cxxreact (= 0.62.2)
    - React-jsi (= 0.62.2)
    - React-jsiexecutor (= 0.62.2)
    - Yoga
  - React-Core/RCTImageHeaders (0.62.2):
    - Folly (= 2018.10.22.00)
    - glog
    - React-Core/Default
    - React-cxxreact (= 0.62.2)
    - React-jsi (= 0.62.2)
    - React-jsiexecutor (= 0.62.2)
    - Yoga
  - React-Core/RCTLinkingHeaders (0.62.2):
    - Folly (= 2018.10.22.00)
    - glog
    - React-Core/Default
    - React-cxxreact (= 0.62.2)
    - React-jsi (= 0.62.2)
    - React-jsiexecutor (= 0.62.2)
    - Yoga
  - React-Core/RCTNetworkHeaders (0.62.2):
    - Folly (= 2018.10.22.00)
    - glog
    - React-Core/Default
    - React-cxxreact (= 0.62.2)
    - React-jsi (= 0.62.2)
    - React-jsiexecutor (= 0.62.2)
    - Yoga
  - React-Core/RCTSettingsHeaders (0.62.2):
    - Folly (= 2018.10.22.00)
    - glog
    - React-Core/Default
    - React-cxxreact (= 0.62.2)
    - React-jsi (= 0.62.2)
    - React-jsiexecutor (= 0.62.2)
    - Yoga
  - React-Core/RCTTextHeaders (0.62.2):
    - Folly (= 2018.10.22.00)
    - glog
    - React-Core/Default
    - React-cxxreact (= 0.62.2)
    - React-jsi (= 0.62.2)
    - React-jsiexecutor (= 0.62.2)
    - Yoga
  - React-Core/RCTVibrationHeaders (0.62.2):
    - Folly (= 2018.10.22.00)
    - glog
    - React-Core/Default
    - React-cxxreact (= 0.62.2)
    - React-jsi (= 0.62.2)
    - React-jsiexecutor (= 0.62.2)
    - Yoga
  - React-Core/RCTWebSocket (0.62.2):
    - Folly (= 2018.10.22.00)
    - glog
    - React-Core/Default (= 0.62.2)
    - React-cxxreact (= 0.62.2)
    - React-jsi (= 0.62.2)
    - React-jsiexecutor (= 0.62.2)
    - Yoga
  - React-CoreModules (0.62.2):
    - FBReactNativeSpec (= 0.62.2)
    - Folly (= 2018.10.22.00)
    - RCTTypeSafety (= 0.62.2)
    - React-Core/CoreModulesHeaders (= 0.62.2)
    - React-RCTImage (= 0.62.2)
    - ReactCommon/turbomodule/core (= 0.62.2)
  - React-cxxreact (0.62.2):
    - boost-for-react-native (= 1.63.0)
    - DoubleConversion
    - Folly (= 2018.10.22.00)
    - glog
    - React-jsinspector (= 0.62.2)
  - React-jsi (0.62.2):
    - boost-for-react-native (= 1.63.0)
    - DoubleConversion
    - Folly (= 2018.10.22.00)
    - glog
    - React-jsi/Default (= 0.62.2)
  - React-jsi/Default (0.62.2):
    - boost-for-react-native (= 1.63.0)
    - DoubleConversion
    - Folly (= 2018.10.22.00)
    - glog
  - React-jsiexecutor (0.62.2):
    - DoubleConversion
    - Folly (= 2018.10.22.00)
    - glog
    - React-cxxreact (= 0.62.2)
    - React-jsi (= 0.62.2)
  - React-jsinspector (0.62.2)
  - react-native-camera (3.26.0):
    - React
    - react-native-camera/RCT (= 3.26.0)
    - react-native-camera/RN (= 3.26.0)
  - react-native-camera/RCT (3.26.0):
    - React
  - react-native-camera/RN (3.26.0):
    - React
  - react-native-geolocation (2.0.2):
    - React
  - react-native-paystack (3.4.0):
    - Paystack
    - React
  - react-native-safe-area-context (3.0.2):
    - React
  - React-RCTActionSheet (0.62.2):
    - React-Core/RCTActionSheetHeaders (= 0.62.2)
  - React-RCTAnimation (0.62.2):
    - FBReactNativeSpec (= 0.62.2)
    - Folly (= 2018.10.22.00)
    - RCTTypeSafety (= 0.62.2)
    - React-Core/RCTAnimationHeaders (= 0.62.2)
    - ReactCommon/turbomodule/core (= 0.62.2)
  - React-RCTBlob (0.62.2):
    - FBReactNativeSpec (= 0.62.2)
    - Folly (= 2018.10.22.00)
    - React-Core/RCTBlobHeaders (= 0.62.2)
    - React-Core/RCTWebSocket (= 0.62.2)
    - React-jsi (= 0.62.2)
    - React-RCTNetwork (= 0.62.2)
    - ReactCommon/turbomodule/core (= 0.62.2)
  - React-RCTImage (0.62.2):
    - FBReactNativeSpec (= 0.62.2)
    - Folly (= 2018.10.22.00)
    - RCTTypeSafety (= 0.62.2)
    - React-Core/RCTImageHeaders (= 0.62.2)
    - React-RCTNetwork (= 0.62.2)
    - ReactCommon/turbomodule/core (= 0.62.2)
  - React-RCTLinking (0.62.2):
    - FBReactNativeSpec (= 0.62.2)
    - React-Core/RCTLinkingHeaders (= 0.62.2)
    - ReactCommon/turbomodule/core (= 0.62.2)
  - React-RCTNetwork (0.62.2):
    - FBReactNativeSpec (= 0.62.2)
    - Folly (= 2018.10.22.00)
    - RCTTypeSafety (= 0.62.2)
    - React-Core/RCTNetworkHeaders (= 0.62.2)
    - ReactCommon/turbomodule/core (= 0.62.2)
  - React-RCTSettings (0.62.2):
    - FBReactNativeSpec (= 0.62.2)
    - Folly (= 2018.10.22.00)
    - RCTTypeSafety (= 0.62.2)
    - React-Core/RCTSettingsHeaders (= 0.62.2)
    - ReactCommon/turbomodule/core (= 0.62.2)
  - React-RCTText (0.62.2):
    - React-Core/RCTTextHeaders (= 0.62.2)
  - React-RCTVibration (0.62.2):
    - FBReactNativeSpec (= 0.62.2)
    - Folly (= 2018.10.22.00)
    - React-Core/RCTVibrationHeaders (= 0.62.2)
    - ReactCommon/turbomodule/core (= 0.62.2)
  - ReactCommon/callinvoker (0.62.2):
    - DoubleConversion
    - Folly (= 2018.10.22.00)
    - glog
    - React-cxxreact (= 0.62.2)
  - ReactCommon/turbomodule/core (0.62.2):
    - DoubleConversion
    - Folly (= 2018.10.22.00)
    - glog
    - React-Core (= 0.62.2)
    - React-cxxreact (= 0.62.2)
    - React-jsi (= 0.62.2)
    - ReactCommon/callinvoker (= 0.62.2)
  - RNAppleAuthentication (2.1.1):
    - React-Core
  - RNCMaskedView (0.1.10):
    - React
  - RNDateTimePicker (2.4.0):
    - React
  - RNFBApp (11.4.1):
    - Firebase/CoreOnly (= 7.11.0)
    - React-Core
  - RNFBMessaging (11.4.1):
    - Firebase/Messaging (= 7.11.0)
    - React-Core
    - RNFBApp
  - RNGestureHandler (1.6.1):
    - React
  - RNGoogleSignin (4.0.3):
    - GoogleSignIn (~> 5.0.0)
    - React
  - RNImageCropPicker (0.31.1):
    - React-Core
    - React-RCTImage
    - RNImageCropPicker/QBImagePickerController (= 0.31.1)
    - TOCropViewController
  - RNImageCropPicker/QBImagePickerController (0.31.1):
    - React-Core
    - React-RCTImage
    - TOCropViewController
  - RNPermissions (2.1.5):
    - React
  - RNReanimated (1.9.0):
    - React
  - RNScreens (2.8.0):
    - React
  - RNSVG (12.1.0):
    - React
  - RNVectorIcons (6.6.0):
    - React
  - TOCropViewController (2.6.0)
  - Yoga (1.14.0)

DEPENDENCIES:
  - DoubleConversion (from `../node_modules/react-native/third-party-podspecs/DoubleConversion.podspec`)
  - FBLazyVector (from `../node_modules/react-native/Libraries/FBLazyVector`)
  - FBReactNativeSpec (from `../node_modules/react-native/Libraries/FBReactNativeSpec`)
  - Folly (from `../node_modules/react-native/third-party-podspecs/Folly.podspec`)
  - glog (from `../node_modules/react-native/third-party-podspecs/glog.podspec`)
  - GoogleSignIn (~> 5.0.2)
  - Permission-Camera (from `../node_modules/react-native-permissions/ios/Camera.podspec`)
  - RCTRequired (from `../node_modules/react-native/Libraries/RCTRequired`)
  - RCTTypeSafety (from `../node_modules/react-native/Libraries/TypeSafety`)
  - React (from `../node_modules/react-native/`)
  - React-Core (from `../node_modules/react-native/`)
  - React-Core/DevSupport (from `../node_modules/react-native/`)
  - React-Core/RCTWebSocket (from `../node_modules/react-native/`)
  - React-CoreModules (from `../node_modules/react-native/React/CoreModules`)
  - React-cxxreact (from `../node_modules/react-native/ReactCommon/cxxreact`)
  - React-jsi (from `../node_modules/react-native/ReactCommon/jsi`)
  - React-jsiexecutor (from `../node_modules/react-native/ReactCommon/jsiexecutor`)
  - React-jsinspector (from `../node_modules/react-native/ReactCommon/jsinspector`)
  - react-native-camera (from `../node_modules/react-native-camera`)
  - "react-native-geolocation (from `../node_modules/@react-native-community/geolocation`)"
  - react-native-paystack (from `../node_modules/react-native-paystack`)
  - react-native-safe-area-context (from `../node_modules/react-native-safe-area-context`)
  - React-RCTActionSheet (from `../node_modules/react-native/Libraries/ActionSheetIOS`)
  - React-RCTAnimation (from `../node_modules/react-native/Libraries/NativeAnimation`)
  - React-RCTBlob (from `../node_modules/react-native/Libraries/Blob`)
  - React-RCTImage (from `../node_modules/react-native/Libraries/Image`)
  - React-RCTLinking (from `../node_modules/react-native/Libraries/LinkingIOS`)
  - React-RCTNetwork (from `../node_modules/react-native/Libraries/Network`)
  - React-RCTSettings (from `../node_modules/react-native/Libraries/Settings`)
  - React-RCTText (from `../node_modules/react-native/Libraries/Text`)
  - React-RCTVibration (from `../node_modules/react-native/Libraries/Vibration`)
  - ReactCommon/callinvoker (from `../node_modules/react-native/ReactCommon`)
  - ReactCommon/turbomodule/core (from `../node_modules/react-native/ReactCommon`)
  - "RNAppleAuthentication (from `../node_modules/@invertase/react-native-apple-authentication`)"
  - "RNCMaskedView (from `../node_modules/@react-native-community/masked-view`)"
  - "RNDateTimePicker (from `../node_modules/@react-native-community/datetimepicker`)"
  - "RNFBApp (from `../node_modules/@react-native-firebase/app`)"
  - "RNFBMessaging (from `../node_modules/@react-native-firebase/messaging`)"
  - RNGestureHandler (from `../node_modules/react-native-gesture-handler`)
  - "RNGoogleSignin (from `../node_modules/@react-native-community/google-signin`)"
  - RNImageCropPicker (from `../node_modules/react-native-image-crop-picker`)
  - RNPermissions (from `../node_modules/react-native-permissions`)
  - RNReanimated (from `../node_modules/react-native-reanimated`)
  - RNScreens (from `../node_modules/react-native-screens`)
  - RNSVG (from `../node_modules/react-native-svg`)
  - RNVectorIcons (from `../node_modules/react-native-vector-icons`)
  - Yoga (from `../node_modules/react-native/ReactCommon/yoga`)

SPEC REPOS:
  trunk:
    - AppAuth
    - boost-for-react-native
    - Firebase
    - FirebaseCore
    - FirebaseCoreDiagnostics
    - FirebaseInstallations
    - FirebaseInstanceID
    - FirebaseMessaging
    - GoogleDataTransport
    - GoogleSignIn
    - GoogleUtilities
    - GTMAppAuth
    - GTMSessionFetcher
    - nanopb
    - Paystack
    - PromisesObjC
    - TOCropViewController

EXTERNAL SOURCES:
  DoubleConversion:
    :podspec: "../node_modules/react-native/third-party-podspecs/DoubleConversion.podspec"
  FBLazyVector:
    :path: "../node_modules/react-native/Libraries/FBLazyVector"
  FBReactNativeSpec:
    :path: "../node_modules/react-native/Libraries/FBReactNativeSpec"
  Folly:
    :podspec: "../node_modules/react-native/third-party-podspecs/Folly.podspec"
  glog:
    :podspec: "../node_modules/react-native/third-party-podspecs/glog.podspec"
  Permission-Camera:
    :path: "../node_modules/react-native-permissions/ios/Camera.podspec"
  RCTRequired:
    :path: "../node_modules/react-native/Libraries/RCTRequired"
  RCTTypeSafety:
    :path: "../node_modules/react-native/Libraries/TypeSafety"
  React:
    :path: "../node_modules/react-native/"
  React-Core:
    :path: "../node_modules/react-native/"
  React-CoreModules:
    :path: "../node_modules/react-native/React/CoreModules"
  React-cxxreact:
    :path: "../node_modules/react-native/ReactCommon/cxxreact"
  React-jsi:
    :path: "../node_modules/react-native/ReactCommon/jsi"
  React-jsiexecutor:
    :path: "../node_modules/react-native/ReactCommon/jsiexecutor"
  React-jsinspector:
    :path: "../node_modules/react-native/ReactCommon/jsinspector"
  react-native-camera:
    :path: "../node_modules/react-native-camera"
  react-native-geolocation:
    :path: "../node_modules/@react-native-community/geolocation"
  react-native-paystack:
    :path: "../node_modules/react-native-paystack"
  react-native-safe-area-context:
    :path: "../node_modules/react-native-safe-area-context"
  React-RCTActionSheet:
    :path: "../node_modules/react-native/Libraries/ActionSheetIOS"
  React-RCTAnimation:
    :path: "../node_modules/react-native/Libraries/NativeAnimation"
  React-RCTBlob:
    :path: "../node_modules/react-native/Libraries/Blob"
  React-RCTImage:
    :path: "../node_modules/react-native/Libraries/Image"
  React-RCTLinking:
    :path: "../node_modules/react-native/Libraries/LinkingIOS"
  React-RCTNetwork:
    :path: "../node_modules/react-native/Libraries/Network"
  React-RCTSettings:
    :path: "../node_modules/react-native/Libraries/Settings"
  React-RCTText:
    :path: "../node_modules/react-native/Libraries/Text"
  React-RCTVibration:
    :path: "../node_modules/react-native/Libraries/Vibration"
  ReactCommon:
    :path: "../node_modules/react-native/ReactCommon"
  RNAppleAuthentication:
    :path: "../node_modules/@invertase/react-native-apple-authentication"
  RNCMaskedView:
    :path: "../node_modules/@react-native-community/masked-view"
  RNDateTimePicker:
    :path: "../node_modules/@react-native-community/datetimepicker"
  RNFBApp:
    :path: "../node_modules/@react-native-firebase/app"
  RNFBMessaging:
    :path: "../node_modules/@react-native-firebase/messaging"
  RNGestureHandler:
    :path: "../node_modules/react-native-gesture-handler"
  RNGoogleSignin:
    :path: "../node_modules/@react-native-community/google-signin"
  RNImageCropPicker:
    :path: "../node_modules/react-native-image-crop-picker"
  RNPermissions:
    :path: "../node_modules/react-native-permissions"
  RNReanimated:
    :path: "../node_modules/react-native-reanimated"
  RNScreens:
    :path: "../node_modules/react-native-screens"
  RNSVG:
    :path: "../node_modules/react-native-svg"
  RNVectorIcons:
    :path: "../node_modules/react-native-vector-icons"
  Yoga:
    :path: "../node_modules/react-native/ReactCommon/yoga"

SPEC CHECKSUMS:
  AppAuth: 31bcec809a638d7bd2f86ea8a52bd45f6e81e7c7
  boost-for-react-native: 39c7adb57c4e60d6c5479dd8623128eb5b3f0f2c
  DoubleConversion: 5805e889d232975c086db112ece9ed034df7a0b2
  FBLazyVector: 4aab18c93cd9546e4bfed752b4084585eca8b245
  FBReactNativeSpec: 5465d51ccfeecb7faa12f9ae0024f2044ce4044e
  Firebase: c121feb35e4126c0b355e3313fa9b487d47319fd
  FirebaseCore: 907447d8917a4d3eb0cce2829c5a0ad21d90b432
  FirebaseCoreDiagnostics: 68ad972f99206cef818230f3f3179d52ccfb7f8c
  FirebaseInstallations: a58d4f72ec5861840b84df489f2668d970df558a
  FirebaseInstanceID: ad5135045a498d7775903efd39762d2cdfa1be27
  FirebaseMessaging: 163435fb6db065e3b6228f1e577b10ed2cc506d2
  Folly: 30e7936e1c45c08d884aa59369ed951a8e68cf51
  glog: 1f3da668190260b06b429bb211bfbee5cd790c28
  GoogleDataTransport: cd9db2180fcecd8da1b561aea31e3e56cf834aa7
  GoogleSignIn: 7137d297ddc022a7e0aa4619c86d72c909fa7213
  GoogleUtilities: f8a43108b38a68eebe8b3540e1f4f2d28843ce20
  GTMAppAuth: ad5c2b70b9a8689e1a04033c9369c4915bfcbe89
  GTMSessionFetcher: b3503b20a988c4e20cc189aa798fd18220133f52
  nanopb: a0ba3315591a9ae0a16a309ee504766e90db0c96
  Paystack: b09ee1590bf6631d36eef48a73c8b7f6ba68f7b0
  Permission-Camera: afad27bf90337684d4a86f3825112d648c8c4d3b
  PromisesObjC: 3113f7f76903778cf4a0586bd1ab89329a0b7b97
  RCTRequired: cec6a34b3ac8a9915c37e7e4ad3aa74726ce4035
  RCTTypeSafety: 93006131180074cffa227a1075802c89a49dd4ce
  React: 29a8b1a02bd764fb7644ef04019270849b9a7ac3
  React-Core: b12bffb3f567fdf99510acb716ef1abd426e0e05
  React-CoreModules: 4a9b87bbe669d6c3173c0132c3328e3b000783d0
  React-cxxreact: e65f9c2ba0ac5be946f53548c1aaaee5873a8103
  React-jsi: b6dc94a6a12ff98e8877287a0b7620d365201161
  React-jsiexecutor: 1540d1c01bb493ae3124ed83351b1b6a155db7da
  React-jsinspector: 512e560d0e985d0e8c479a54a4e5c147a9c83493
  react-native-camera: 2b74be8edc1103c4c46d1f4e5f41723d9ff052cc
  react-native-geolocation: c956aeb136625c23e0dce0467664af2c437888c9
  react-native-paystack: 90e74a1b5ff17bb4d9bd1cc35f0ff2d5ad442f87
  react-native-safe-area-context: b11a34881faac509cad5578726c98161ad4d275c
  React-RCTActionSheet: f41ea8a811aac770e0cc6e0ad6b270c644ea8b7c
  React-RCTAnimation: 49ab98b1c1ff4445148b72a3d61554138565bad0
  React-RCTBlob: a332773f0ebc413a0ce85942a55b064471587a71
  React-RCTImage: e70be9b9c74fe4e42d0005f42cace7981c994ac3
  React-RCTLinking: c1b9739a88d56ecbec23b7f63650e44672ab2ad2
  React-RCTNetwork: 73138b6f45e5a2768ad93f3d57873c2a18d14b44
  React-RCTSettings: 6e3738a87e21b39a8cb08d627e68c44acf1e325a
  React-RCTText: fae545b10cfdb3d247c36c56f61a94cfd6dba41d
  React-RCTVibration: 4356114dbcba4ce66991096e51a66e61eda51256
  ReactCommon: ed4e11d27609d571e7eee8b65548efc191116eb3
  RNAppleAuthentication: f4cc93d710f1337f66550d04d84bf47553bc0eae
  RNCMaskedView: 5a8ec07677aa885546a0d98da336457e2bea557f
  RNDateTimePicker: c4285bfdd87430f1e575b81a4742b7586a09d53e
  RNFBApp: 996860ad6832996faba79ef3f6ec2d3ea5870dd9
  RNFBMessaging: 8d84ceadc705ca6b6047c37376d2e2aaabcb8e3d
  RNGestureHandler: 8f09cd560f8d533eb36da5a6c5a843af9f056b38
  RNGoogleSignin: ccf71ee4b6cfd324fd788a41e457e2043838c0d9
  RNImageCropPicker: 38865ab4af1b0b2146ad66061196bc0184946855
  RNPermissions: ad71dd4f767ec254f2cd57592fbee02afee75467
  RNReanimated: b5ccb50650ba06f6e749c7c329a1bc3ae0c88b43
  RNScreens: 62211832af51e0aebcf6e8c36bcf7dd65592f244
  RNSVG: ce9d996113475209013317e48b05c21ee988d42e
  RNVectorIcons: 0bb4def82230be1333ddaeee9fcba45f0b288ed4
  TOCropViewController: 3105367e808b7d3d886a74ff59bf4804e7d3ab38
  Yoga: 3ebccbdd559724312790e7742142d062476b698e

PODFILE CHECKSUM: 5a7e9eaaf02f039bf7a29d7d0088b1c5d26fb91f

COCOAPODS: 1.10.1
